
Microsoft Visual Studio Solution File, Format Version 12.00
# Visual Studio Version 17
VisualStudioVersion = 17.7.34202.233
MinimumVisualStudioVersion = 10.0.40219.1
Project("{8BC9CEB8-8B4A-11D0-8D11-00A0C91BC942}") = "SE_Asm02", "SE_Asm02.vcxproj", "{35453F4C-7A9E-42DD-9A04-AACD9C7A306C}"
EndProject
Global
	GlobalSection(SolutionConfigurationPlatforms) = preSolution
		Debug|x64 = Debug|x64
		Debug|x86 = Debug|x86
		Release|x64 = Release|x64
		Release|x86 = Release|x86
	EndGlobalSection
	GlobalSection(ProjectConfigurationPlatforms) = postSolution
		{35453F4C-7A9E-42DD-9A04-AACD9C7A306C}.Debug|x64.ActiveCfg = Debug|x64
		{35453F4C-7A9E-42DD-9A04-AACD9C7A306C}.Debug|x64.Build.0 = Debug|x64
		{35453F4C-7A9E-42DD-9A04-AACD9C7A306C}.Debug|x86.ActiveCfg = Debug|Win32
		{35453F4C-7A9E-42DD-9A04-AACD9C7A306C}.Debug|x86.Build.0 = Debug|Win32
		{35453F4C-7A9E-42DD-9A04-AACD9C7A306C}.Release|x64.ActiveCfg = Release|x64
		{35453F4C-7A9E-42DD-9A04-AACD9C7A306C}.Release|x64.Build.0 = Release|x64
		{35453F4C-7A9E-42DD-9A04-AACD9C7A306C}.Release|x86.ActiveCfg = Release|Win32
		{35453F4C-7A9E-42DD-9A04-AACD9C7A306C}.Release|x86.Build.0 = Release|Win32
	EndGlobalSection
	GlobalSection(SolutionProperties) = preSolution
		HideSolutionNode = FALSE
	EndGlobalSection
	GlobalSection(ExtensibilityGlobals) = postSolution
		SolutionGuid = {35957064-BBEE-4460-9959-6EF57A36F4A3}
	EndGlobalSection
EndGlobal
