
Microsoft Visual Studio Solution File, Format Version 12.00
# Visual Studio Version 16
VisualStudioVersion = 16.0.32228.343
MinimumVisualStudioVersion = 10.0.40219.1
Project("{FAE04EC0-301F-11D3-BF4B-00C04F79EFBC}") = "ExamTest2D", "ExamTest2D\ExamTest2D.csproj", "{05DD6456-84C2-4575-95B5-2AD5F52F44B0}"
EndProject
Global
	GlobalSection(SolutionConfigurationPlatforms) = preSolution
		Debug|Any CPU = Debug|Any CPU
		Release|Any CPU = Release|Any CPU
	EndGlobalSection
	GlobalSection(ProjectConfigurationPlatforms) = postSolution
		{05DD6456-84C2-4575-95B5-2AD5F52F44B0}.Debug|Any CPU.ActiveCfg = Debug|Any CPU
		{05DD6456-84C2-4575-95B5-2AD5F52F44B0}.Debug|Any CPU.Build.0 = Debug|Any CPU
		{05DD6456-84C2-4575-95B5-2AD5F52F44B0}.Release|Any CPU.ActiveCfg = Release|Any CPU
		{05DD6456-84C2-4575-95B5-2AD5F52F44B0}.Release|Any CPU.Build.0 = Release|Any CPU
	EndGlobalSection
	GlobalSection(SolutionProperties) = preSolution
		HideSolutionNode = FALSE
	EndGlobalSection
	GlobalSection(ExtensibilityGlobals) = postSolution
		SolutionGuid = {E058F0CF-6734-40B5-AFE5-0782EDE9058D}
	EndGlobalSection
EndGlobal
