
Microsoft Visual Studio Solution File, Format Version 12.00
# Visual Studio Version 17
VisualStudioVersion = 17.7.34202.233
MinimumVisualStudioVersion = 10.0.40219.1
Project("{FAE04EC0-301F-11D3-BF4B-00C04F79EFBC}") = "LBR_10", "LBR_10.csproj", "{BDECC76C-EE90-465D-A787-DB5F11D60935}"
EndProject
Project("{2150E333-8FDC-42A3-9474-1A3956D46DE8}") = "Solution Items", "Solution Items", "{445D084B-DC33-42D1-A296-6390AD4FA319}"
	ProjectSection(SolutionItems) = preProject
		.editorconfig = .editorconfig
	EndProjectSection
EndProject
Global
	GlobalSection(SolutionConfigurationPlatforms) = preSolution
		Debug|Any CPU = Debug|Any CPU
		Release|Any CPU = Release|Any CPU
	EndGlobalSection
	GlobalSection(ProjectConfigurationPlatforms) = postSolution
		{BDECC76C-EE90-465D-A787-DB5F11D60935}.Debug|Any CPU.ActiveCfg = Debug|Any CPU
		{BDECC76C-EE90-465D-A787-DB5F11D60935}.Debug|Any CPU.Build.0 = Debug|Any CPU
		{BDECC76C-EE90-465D-A787-DB5F11D60935}.Release|Any CPU.ActiveCfg = Release|Any CPU
		{BDECC76C-EE90-465D-A787-DB5F11D60935}.Release|Any CPU.Build.0 = Release|Any CPU
	EndGlobalSection
	GlobalSection(SolutionProperties) = preSolution
		HideSolutionNode = FALSE
	EndGlobalSection
	GlobalSection(ExtensibilityGlobals) = postSolution
		SolutionGuid = {05DC9D86-848A-4F69-8123-8619719C9868}
	EndGlobalSection
EndGlobal
