
Microsoft Visual Studio Solution File, Format Version 12.00
# Visual Studio Version 17
VisualStudioVersion = 17.7.34202.233
MinimumVisualStudioVersion = 10.0.40219.1
Project("{8BC9CEB8-8B4A-11D0-8D11-00A0C91BC942}") = "SEAsm02", "SEAsm02.vcxproj", "{32DF9A15-944F-4FD8-8ED0-B496F1AEDF4E}"
EndProject
Global
	GlobalSection(SolutionConfigurationPlatforms) = preSolution
		Debug|x64 = Debug|x64
		Debug|x86 = Debug|x86
		Release|x64 = Release|x64
		Release|x86 = Release|x86
	EndGlobalSection
	GlobalSection(ProjectConfigurationPlatforms) = postSolution
		{32DF9A15-944F-4FD8-8ED0-B496F1AEDF4E}.Debug|x64.ActiveCfg = Debug|x64
		{32DF9A15-944F-4FD8-8ED0-B496F1AEDF4E}.Debug|x64.Build.0 = Debug|x64
		{32DF9A15-944F-4FD8-8ED0-B496F1AEDF4E}.Debug|x86.ActiveCfg = Debug|Win32
		{32DF9A15-944F-4FD8-8ED0-B496F1AEDF4E}.Debug|x86.Build.0 = Debug|Win32
		{32DF9A15-944F-4FD8-8ED0-B496F1AEDF4E}.Release|x64.ActiveCfg = Release|x64
		{32DF9A15-944F-4FD8-8ED0-B496F1AEDF4E}.Release|x64.Build.0 = Release|x64
		{32DF9A15-944F-4FD8-8ED0-B496F1AEDF4E}.Release|x86.ActiveCfg = Release|Win32
		{32DF9A15-944F-4FD8-8ED0-B496F1AEDF4E}.Release|x86.Build.0 = Release|Win32
	EndGlobalSection
	GlobalSection(SolutionProperties) = preSolution
		HideSolutionNode = FALSE
	EndGlobalSection
	GlobalSection(ExtensibilityGlobals) = postSolution
		SolutionGuid = {23D4891B-951F-4AC5-BD16-DEB187A0D0E7}
	EndGlobalSection
EndGlobal
