
Microsoft Visual Studio Solution File, Format Version 12.00
# Visual Studio Version 16
VisualStudioVersion = 16.0.32228.343
MinimumVisualStudioVersion = 10.0.40219.1
Project("{FAE04EC0-301F-11D3-BF4B-00C04F79EFBC}") = "ExamTest", "ExamTest\ExamTest.csproj", "{E6D54B6D-FE7F-4B19-952F-A1B81E06F4A7}"
EndProject
Global
	GlobalSection(SolutionConfigurationPlatforms) = preSolution
		Debug|Any CPU = Debug|Any CPU
		Release|Any CPU = Release|Any CPU
	EndGlobalSection
	GlobalSection(ProjectConfigurationPlatforms) = postSolution
		{E6D54B6D-FE7F-4B19-952F-A1B81E06F4A7}.Debug|Any CPU.ActiveCfg = Debug|Any CPU
		{E6D54B6D-FE7F-4B19-952F-A1B81E06F4A7}.Debug|Any CPU.Build.0 = Debug|Any CPU
		{E6D54B6D-FE7F-4B19-952F-A1B81E06F4A7}.Release|Any CPU.ActiveCfg = Release|Any CPU
		{E6D54B6D-FE7F-4B19-952F-A1B81E06F4A7}.Release|Any CPU.Build.0 = Release|Any CPU
	EndGlobalSection
	GlobalSection(SolutionProperties) = preSolution
		HideSolutionNode = FALSE
	EndGlobalSection
	GlobalSection(ExtensibilityGlobals) = postSolution
		SolutionGuid = {B68AE56F-B9CD-40FE-9A19-0AAD28CC0E39}
	EndGlobalSection
EndGlobal
