
Microsoft Visual Studio Solution File, Format Version 12.00
# Visual Studio Version 17
VisualStudioVersion = 17.7.34024.191
MinimumVisualStudioVersion = 10.0.40219.1
Project("{FAE04EC0-301F-11D3-BF4B-00C04F79EFBC}") = "LBR_07", "LBR_07.csproj", "{90501E5A-AA76-499D-AA40-C5B0E613E62E}"
EndProject
Global
	GlobalSection(SolutionConfigurationPlatforms) = preSolution
		Debug|Any CPU = Debug|Any CPU
		Release|Any CPU = Release|Any CPU
	EndGlobalSection
	GlobalSection(ProjectConfigurationPlatforms) = postSolution
		{90501E5A-AA76-499D-AA40-C5B0E613E62E}.Debug|Any CPU.ActiveCfg = Debug|Any CPU
		{90501E5A-AA76-499D-AA40-C5B0E613E62E}.Debug|Any CPU.Build.0 = Debug|Any CPU
		{90501E5A-AA76-499D-AA40-C5B0E613E62E}.Release|Any CPU.ActiveCfg = Release|Any CPU
		{90501E5A-AA76-499D-AA40-C5B0E613E62E}.Release|Any CPU.Build.0 = Release|Any CPU
	EndGlobalSection
	GlobalSection(SolutionProperties) = preSolution
		HideSolutionNode = FALSE
	EndGlobalSection
	GlobalSection(ExtensibilityGlobals) = postSolution
		SolutionGuid = {320F60F4-96C4-4313-B3F5-20756AD66C2C}
	EndGlobalSection
EndGlobal
