
Microsoft Visual Studio Solution File, Format Version 12.00
# Visual Studio Version 16
VisualStudioVersion = 16.0.32228.343
MinimumVisualStudioVersion = 10.0.40219.1
Project("{FAE04EC0-301F-11D3-BF4B-00C04F79EFBC}") = "ExamTestTransport", "ExamTestTransport\ExamTestTransport.csproj", "{ED8F643B-70E2-423F-AD4B-087725E5FE05}"
EndProject
Global
	GlobalSection(SolutionConfigurationPlatforms) = preSolution
		Debug|Any CPU = Debug|Any CPU
		Release|Any CPU = Release|Any CPU
	EndGlobalSection
	GlobalSection(ProjectConfigurationPlatforms) = postSolution
		{ED8F643B-70E2-423F-AD4B-087725E5FE05}.Debug|Any CPU.ActiveCfg = Debug|Any CPU
		{ED8F643B-70E2-423F-AD4B-087725E5FE05}.Debug|Any CPU.Build.0 = Debug|Any CPU
		{ED8F643B-70E2-423F-AD4B-087725E5FE05}.Release|Any CPU.ActiveCfg = Release|Any CPU
		{ED8F643B-70E2-423F-AD4B-087725E5FE05}.Release|Any CPU.Build.0 = Release|Any CPU
	EndGlobalSection
	GlobalSection(SolutionProperties) = preSolution
		HideSolutionNode = FALSE
	EndGlobalSection
	GlobalSection(ExtensibilityGlobals) = postSolution
		SolutionGuid = {C88C58EA-B9CB-4E61-BCB6-7978E659E7D6}
	EndGlobalSection
EndGlobal
